# This file is machine-generated by `gh actions-lock`.
# Do not edit by hand; run `gh actions-lock` to update.
# Docs: https://gh.io/actions-lockfile
version: 'v0.0.2'
workflows:
    '.github/workflows/ci.yml':
        - 'actions/checkout@v7.0.1'
        - 'typst-community/setup-typst@v5.3.0'
dependencies:
    'actions/checkout@v7.0.1':
        ref: 'v7.0.1'
        commit: 'sha1-3d3c42e5aac5ba805825da76410c181273ba90b1'
        owner_id: 44036562
        repo_id: 197814629
    'typst-community/setup-typst@v5.3.0':
        ref: 'v5.3.0'
        commit: 'sha1-fee4b65b091cc546f02ce3be15fad8760f38a108'
        owner_id: 144882637
        repo_id: 625450644
